
Microsoft Visual Studio Solution File, Format Version 12.00
# Visual Studio Version 17
VisualStudioVersion = 17.7.34202.233
MinimumVisualStudioVersion = 10.0.40219.1
Project("{888888A0-9F3D-457C-B088-3A5042F75D52}") = "2023osz_reklam_py", "2023osz_reklam_py\2023osz_reklam_py.pyproj", "{1D4B8BB3-61C1-4CD1-A959-31C7BAF7AA29}"
EndProject
Project("{888888A0-9F3D-457C-B088-3A5042F75D52}") = "2023majus_utemezes", "2023majus_utemezes\2023majus_utemezes.pyproj", "{AFEC6FA8-D56A-42F8-AAD1-AB2F6CF04D06}"
EndProject
Global
	GlobalSection(SolutionConfigurationPlatforms) = preSolution
		Debug|Any CPU = Debug|Any CPU
		Release|Any CPU = Release|Any CPU
	EndGlobalSection
	GlobalSection(ProjectConfigurationPlatforms) = postSolution
		{1D4B8BB3-61C1-4CD1-A959-31C7BAF7AA29}.Debug|Any CPU.ActiveCfg = Debug|Any CPU
		{1D4B8BB3-61C1-4CD1-A959-31C7BAF7AA29}.Release|Any CPU.ActiveCfg = Release|Any CPU
		{AFEC6FA8-D56A-42F8-AAD1-AB2F6CF04D06}.Debug|Any CPU.ActiveCfg = Debug|Any CPU
		{AFEC6FA8-D56A-42F8-AAD1-AB2F6CF04D06}.Release|Any CPU.ActiveCfg = Release|Any CPU
	EndGlobalSection
	GlobalSection(SolutionProperties) = preSolution
		HideSolutionNode = FALSE
	EndGlobalSection
	GlobalSection(ExtensibilityGlobals) = postSolution
		SolutionGuid = {39010CF9-C3D1-4964-BAAB-C584AB10EFB8}
	EndGlobalSection
EndGlobal
